
Microsoft Visual Studio Solution File, Format Version 12.00
# Visual Studio Version 17
VisualStudioVersion = 17.6.33712.159
MinimumVisualStudioVersion = 10.0.40219.1
Project("{FAE04EC0-301F-11D3-BF4B-00C04F79EFBC}") = "ListasDobleEnlace", "ListasDobleEnlace\ListasDobleEnlace.csproj", "{EAC4C6F6-681B-4FC9-90A4-2C71A1CA69B1}"
EndProject
Global
	GlobalSection(SolutionConfigurationPlatforms) = preSolution
		Debug|Any CPU = Debug|Any CPU
		Release|Any CPU = Release|Any CPU
	EndGlobalSection
	GlobalSection(ProjectConfigurationPlatforms) = postSolution
		{EAC4C6F6-681B-4FC9-90A4-2C71A1CA69B1}.Debug|Any CPU.ActiveCfg = Debug|Any CPU
		{EAC4C6F6-681B-4FC9-90A4-2C71A1CA69B1}.Debug|Any CPU.Build.0 = Debug|Any CPU
		{EAC4C6F6-681B-4FC9-90A4-2C71A1CA69B1}.Release|Any CPU.ActiveCfg = Release|Any CPU
		{EAC4C6F6-681B-4FC9-90A4-2C71A1CA69B1}.Release|Any CPU.Build.0 = Release|Any CPU
	EndGlobalSection
	GlobalSection(SolutionProperties) = preSolution
		HideSolutionNode = FALSE
	EndGlobalSection
	GlobalSection(ExtensibilityGlobals) = postSolution
		SolutionGuid = {33224EF3-3015-403C-A3FA-289FC157F4FF}
	EndGlobalSection
EndGlobal
